
Microsoft Visual Studio Solution File, Format Version 12.00
# Visual Studio Version 16
VisualStudioVersion = 16.0.28922.388
MinimumVisualStudioVersion = 10.0.40219.1
Project("{FAE04EC0-301F-11D3-BF4B-00C04F79EFBC}") = "Hundreds", "Hundreds\Hundreds.csproj", "{DB420AF6-D516-420D-8D7A-129EBE997106}"
EndProject
Global
	GlobalSection(SolutionConfigurationPlatforms) = preSolution
		Debug|Any CPU = Debug|Any CPU
		Release|Any CPU = Release|Any CPU
	EndGlobalSection
	GlobalSection(ProjectConfigurationPlatforms) = postSolution
		{DB420AF6-D516-420D-8D7A-129EBE997106}.Debug|Any CPU.ActiveCfg = Debug|Any CPU
		{DB420AF6-D516-420D-8D7A-129EBE997106}.Debug|Any CPU.Build.0 = Debug|Any CPU
		{DB420AF6-D516-420D-8D7A-129EBE997106}.Release|Any CPU.ActiveCfg = Release|Any CPU
		{DB420AF6-D516-420D-8D7A-129EBE997106}.Release|Any CPU.Build.0 = Release|Any CPU
	EndGlobalSection
	GlobalSection(SolutionProperties) = preSolution
		HideSolutionNode = FALSE
	EndGlobalSection
	GlobalSection(ExtensibilityGlobals) = postSolution
		SolutionGuid = {4B7D58DF-FD28-4C69-ADBC-2C9C9B8C3626}
	EndGlobalSection
EndGlobal
